
Microsoft Visual Studio Solution File, Format Version 12.00
# Visual Studio 15
VisualStudioVersion = 15.0.28307.329
MinimumVisualStudioVersion = 10.0.40219.1
Project("{FAE04EC0-301F-11D3-BF4B-00C04F79EFBC}") = "WFAlist", "WFAlist\WFAlist.csproj", "{95332E63-2948-4DA7-AEFE-DD8436A1B37E}"
EndProject
Global
	GlobalSection(SolutionConfigurationPlatforms) = preSolution
		Debug|Any CPU = Debug|Any CPU
		Release|Any CPU = Release|Any CPU
	EndGlobalSection
	GlobalSection(ProjectConfigurationPlatforms) = postSolution
		{95332E63-2948-4DA7-AEFE-DD8436A1B37E}.Debug|Any CPU.ActiveCfg = Debug|Any CPU
		{95332E63-2948-4DA7-AEFE-DD8436A1B37E}.Debug|Any CPU.Build.0 = Debug|Any CPU
		{95332E63-2948-4DA7-AEFE-DD8436A1B37E}.Release|Any CPU.ActiveCfg = Release|Any CPU
		{95332E63-2948-4DA7-AEFE-DD8436A1B37E}.Release|Any CPU.Build.0 = Release|Any CPU
	EndGlobalSection
	GlobalSection(SolutionProperties) = preSolution
		HideSolutionNode = FALSE
	EndGlobalSection
	GlobalSection(ExtensibilityGlobals) = postSolution
		SolutionGuid = {D90D88AA-CA58-4B67-8FE7-383383F18A47}
	EndGlobalSection
EndGlobal
